// !$*UTF8*$!
{
	archiveVersion = 1;
	classes = {
	};
	objectVersion = 46;
	objects = {

/* Begin PBXAggregateTarget section */
		049517C2FD634CAAB282B0F8 /* ZERO_CHECK */ = {
			isa = PBXAggregateTarget;
			buildConfigurationList = A8E465D4DA524E049D995776 /* Build configuration list for PBXAggregateTarget "ZERO_CHECK" */;
			buildPhases = (
				863B3CBF0A7C4036A806225C /* CMake Rules */,
			);
			dependencies = (
			);
			name = ZERO_CHECK;
			productName = ZERO_CHECK;
		};
		4D01EC5B31B24E27BF10EA1B /* ALL_BUILD */ = {
			isa = PBXAggregateTarget;
			buildConfigurationList = 783DA495051B469F86E64750 /* Build configuration list for PBXAggregateTarget "ALL_BUILD" */;
			buildPhases = (
				8DB50B78CBDD42CBA37DC284 /* CMake Rules */,
			);
			dependencies = (
				6560CC46571D4D0FA1BDB528 /* PBXTargetDependency */,
				7C25FD54C9064A229098C036 /* PBXTargetDependency */,
			);
			name = ALL_BUILD;
			productName = ALL_BUILD;
		};
/* End PBXAggregateTarget section */

/* Begin PBXBuildFile section */
		4BB3276789F9463CA2FBE7F9 /* /Users/Charing/Code/Kidnapped-Vehicle/src/particle_filter.cpp */ = {isa = PBXBuildFile; fileRef = 8090484F475F4A728660CAAF /* /Users/Charing/Code/Kidnapped-Vehicle/src/particle_filter.cpp */; };
		60178033F2C1401183496C66 /* /Users/Charing/Code/Kidnapped-Vehicle/src/main.cpp */ = {isa = PBXBuildFile; fileRef = 8B8D2EC76C1E407C84C8CD67 /* /Users/Charing/Code/Kidnapped-Vehicle/src/main.cpp */; };
		8BBA653F741A418AA593E497 /* /Users/Charing/Code/Kidnapped-Vehicle/CMakeLists.txt */ = {isa = PBXBuildFile; fileRef = 10641AE76EEA474B9B9A3A8A /* /Users/Charing/Code/Kidnapped-Vehicle/CMakeLists.txt */; };
		ACD3D8B0C45E4423B7D45E83 /* /Users/Charing/Code/Kidnapped-Vehicle/src/helper_functions.h */ = {isa = PBXBuildFile; fileRef = 0ED7F6BE52AE4F0FA30CA36C /* /Users/Charing/Code/Kidnapped-Vehicle/src/helper_functions.h */; };
		CC550FBDF69B49299CA5EC90 /* /Users/Charing/Code/Kidnapped-Vehicle/src/map.h */ = {isa = PBXBuildFile; fileRef = FF1842F048484B959D7EE153 /* /Users/Charing/Code/Kidnapped-Vehicle/src/map.h */; };
		CE5FED3B75DF479DAABF3414 /* /Users/Charing/Code/Kidnapped-Vehicle/src/particle_filter.h */ = {isa = PBXBuildFile; fileRef = 0BDC6DD9FED742FC8451D9AF /* /Users/Charing/Code/Kidnapped-Vehicle/src/particle_filter.h */; };
		E5AB494927404A1CB619D70D /* /Users/Charing/Code/Kidnapped-Vehicle/src/json.hpp */ = {isa = PBXBuildFile; fileRef = 12EE146929B041AE9EF06F7B /* /Users/Charing/Code/Kidnapped-Vehicle/src/json.hpp */; };
/* End PBXBuildFile section */

/* Begin PBXBuildStyle section */
		59F8CDAF5125463096C535BD /* Debug */ = {
			isa = PBXBuildStyle;
			buildSettings = {
				COPY_PHASE_STRIP = NO;
			};
			name = Debug;
		};
		6757E7F76FEA48639D443777 /* RelWithDebInfo */ = {
			isa = PBXBuildStyle;
			buildSettings = {
				COPY_PHASE_STRIP = NO;
			};
			name = RelWithDebInfo;
		};
		81D85B7CDEA04E0EBFB167C1 /* Release */ = {
			isa = PBXBuildStyle;
			buildSettings = {
				COPY_PHASE_STRIP = NO;
			};
			name = Release;
		};
		C9BB3FC2DBA64BCE83965809 /* MinSizeRel */ = {
			isa = PBXBuildStyle;
			buildSettings = {
				COPY_PHASE_STRIP = NO;
			};
			name = MinSizeRel;
		};
/* End PBXBuildStyle section */

/* Begin PBXContainerItemProxy section */
		04F4AE599FC04F92B29F77FD /* PBXContainerItemProxy */ = {
			isa = PBXContainerItemProxy;
			containerPortal = 871AA2E6C6D54926B9344D16 /* Project object */;
			proxyType = 1;
			remoteGlobalIDString = CB4D0B5E4CAF4FC3A238CDF5;
			remoteInfo = particle_filter;
		};
		8A6BB053233140E680331DF4 /* PBXContainerItemProxy */ = {
			isa = PBXContainerItemProxy;
			containerPortal = 871AA2E6C6D54926B9344D16 /* Project object */;
			proxyType = 1;
			remoteGlobalIDString = 049517C2FD634CAAB282B0F8;
			remoteInfo = ZERO_CHECK;
		};
		E3320E866F33419F82115F4A /* PBXContainerItemProxy */ = {
			isa = PBXContainerItemProxy;
			containerPortal = 871AA2E6C6D54926B9344D16 /* Project object */;
			proxyType = 1;
			remoteGlobalIDString = 049517C2FD634CAAB282B0F8;
			remoteInfo = ZERO_CHECK;
		};
/* End PBXContainerItemProxy section */

/* Begin PBXFileReference section */
		0BDC6DD9FED742FC8451D9AF /* /Users/Charing/Code/Kidnapped-Vehicle/src/particle_filter.h */ = {isa = PBXFileReference; explicitFileType = sourcecode.c.h; fileEncoding = 4; name = particle_filter.h; path = src/particle_filter.h; sourceTree = SOURCE_ROOT; };
		0ED7F6BE52AE4F0FA30CA36C /* /Users/Charing/Code/Kidnapped-Vehicle/src/helper_functions.h */ = {isa = PBXFileReference; explicitFileType = sourcecode.c.h; fileEncoding = 4; name = helper_functions.h; path = src/helper_functions.h; sourceTree = SOURCE_ROOT; };
		10641AE76EEA474B9B9A3A8A /* /Users/Charing/Code/Kidnapped-Vehicle/CMakeLists.txt */ = {isa = PBXFileReference; explicitFileType = sourcecode.text; fileEncoding = 4; name = CMakeLists.txt; path = CMakeLists.txt; sourceTree = SOURCE_ROOT; };
		12EE146929B041AE9EF06F7B /* /Users/Charing/Code/Kidnapped-Vehicle/src/json.hpp */ = {isa = PBXFileReference; explicitFileType = sourcecode.cpp.h; fileEncoding = 4; name = json.hpp; path = src/json.hpp; sourceTree = SOURCE_ROOT; };
		8090484F475F4A728660CAAF /* /Users/Charing/Code/Kidnapped-Vehicle/src/particle_filter.cpp */ = {isa = PBXFileReference; explicitFileType = sourcecode.cpp.cpp; fileEncoding = 4; name = particle_filter.cpp; path = src/particle_filter.cpp; sourceTree = SOURCE_ROOT; };
		8591AF398DA241B5AB48021C /* particle_filter */ = {isa = PBXFileReference; explicitFileType = "compiled.mach-o.executable"; path = particle_filter; sourceTree = BUILT_PRODUCTS_DIR; };
		8B8D2EC76C1E407C84C8CD67 /* /Users/Charing/Code/Kidnapped-Vehicle/src/main.cpp */ = {isa = PBXFileReference; explicitFileType = sourcecode.cpp.cpp; fileEncoding = 4; name = main.cpp; path = src/main.cpp; sourceTree = SOURCE_ROOT; };
		F74F712CE13E4F38B05968F5 /* /Users/Charing/Code/Kidnapped-Vehicle/CMakeLists.txt */ = {isa = PBXFileReference; explicitFileType = sourcecode.text; fileEncoding = 4; name = CMakeLists.txt; path = CMakeLists.txt; sourceTree = SOURCE_ROOT; };
		FF1842F048484B959D7EE153 /* /Users/Charing/Code/Kidnapped-Vehicle/src/map.h */ = {isa = PBXFileReference; explicitFileType = sourcecode.c.h; fileEncoding = 4; name = map.h; path = src/map.h; sourceTree = SOURCE_ROOT; };
/* End PBXFileReference section */

/* Begin PBXGroup section */
		3DBC965166944150930069A1 /* CMake Rules */ = {
			isa = PBXGroup;
			children = (
			);
			name = "CMake Rules";
			sourceTree = "<group>";
		};
		8B8C8961A71B4570ABF43840 /* Products */ = {
			isa = PBXGroup;
			children = (
				8591AF398DA241B5AB48021C /* particle_filter */,
			);
			name = Products;
			sourceTree = "<group>";
		};
		911EB23C4D2F4B8986F403D9 /* Source Files */ = {
			isa = PBXGroup;
			children = (
				8B8D2EC76C1E407C84C8CD67 /* /Users/Charing/Code/Kidnapped-Vehicle/src/main.cpp */,
				8090484F475F4A728660CAAF /* /Users/Charing/Code/Kidnapped-Vehicle/src/particle_filter.cpp */,
			);
			name = "Source Files";
			sourceTree = "<group>";
		};
		A7E5064D8AA64B23AA509044 = {
			isa = PBXGroup;
			children = (
				EB43433742654DE5BC6D6C2E /* particle_filter */,
				CD5BF9A47028404B83219E58 /* ALL_BUILD */,
				8B8C8961A71B4570ABF43840 /* Products */,
			);
			sourceTree = "<group>";
		};
		CD5BF9A47028404B83219E58 /* ALL_BUILD */ = {
			isa = PBXGroup;
			children = (
				3DBC965166944150930069A1 /* CMake Rules */,
				F74F712CE13E4F38B05968F5 /* /Users/Charing/Code/Kidnapped-Vehicle/CMakeLists.txt */,
			);
			name = ALL_BUILD;
			sourceTree = "<group>";
		};
		EB43433742654DE5BC6D6C2E /* particle_filter */ = {
			isa = PBXGroup;
			children = (
				911EB23C4D2F4B8986F403D9 /* Source Files */,
				EBEDC6D30566423D9F532022 /* Header Files */,
				10641AE76EEA474B9B9A3A8A /* /Users/Charing/Code/Kidnapped-Vehicle/CMakeLists.txt */,
			);
			name = particle_filter;
			sourceTree = "<group>";
		};
		EBEDC6D30566423D9F532022 /* Header Files */ = {
			isa = PBXGroup;
			children = (
				0ED7F6BE52AE4F0FA30CA36C /* /Users/Charing/Code/Kidnapped-Vehicle/src/helper_functions.h */,
				12EE146929B041AE9EF06F7B /* /Users/Charing/Code/Kidnapped-Vehicle/src/json.hpp */,
				FF1842F048484B959D7EE153 /* /Users/Charing/Code/Kidnapped-Vehicle/src/map.h */,
				0BDC6DD9FED742FC8451D9AF /* /Users/Charing/Code/Kidnapped-Vehicle/src/particle_filter.h */,
			);
			name = "Header Files";
			sourceTree = "<group>";
		};
/* End PBXGroup section */

/* Begin PBXNativeTarget section */
		CB4D0B5E4CAF4FC3A238CDF5 /* particle_filter */ = {
			isa = PBXNativeTarget;
			buildConfigurationList = 4FAFC261CC0443C08EADE4F7 /* Build configuration list for PBXNativeTarget "particle_filter" */;
			buildPhases = (
				3429DBE82CAF4477B198ADD5 /* Sources */,
			);
			buildRules = (
			);
			dependencies = (
				A3BB53D0AF6C43A6B94D3D74 /* PBXTargetDependency */,
			);
			name = particle_filter;
			productName = particle_filter;
			productReference = 8591AF398DA241B5AB48021C /* particle_filter */;
			productType = "com.apple.product-type.tool";
		};
/* End PBXNativeTarget section */

/* Begin PBXProject section */
		871AA2E6C6D54926B9344D16 /* Project object */ = {
			isa = PBXProject;
			attributes = {
				BuildIndependentTargetsInParallel = YES;
				LastUpgradeCheck = 1010;
			};
			buildConfigurationList = 7B79BADA511649DCB031AE43 /* Build configuration list for PBXProject "PARTICLE_FILTER" */;
			buildSettings = {
			};
			buildStyles = (
				59F8CDAF5125463096C535BD /* Debug */,
				81D85B7CDEA04E0EBFB167C1 /* Release */,
				C9BB3FC2DBA64BCE83965809 /* MinSizeRel */,
				6757E7F76FEA48639D443777 /* RelWithDebInfo */,
			);
			compatibilityVersion = "Xcode 3.2";
			hasScannedForEncodings = 0;
			mainGroup = A7E5064D8AA64B23AA509044;
			projectDirPath = .;
			projectRoot = "";
			targets = (
				4D01EC5B31B24E27BF10EA1B /* ALL_BUILD */,
				049517C2FD634CAAB282B0F8 /* ZERO_CHECK */,
				CB4D0B5E4CAF4FC3A238CDF5 /* particle_filter */,
			);
		};
/* End PBXProject section */

/* Begin PBXShellScriptBuildPhase section */
		06A86E8A67D249FEA3CE7B15 = {
			isa = PBXShellScriptBuildPhase;
			buildActionMask = 2147483647;
			files = (
			);
			inputPaths = (
			);
			outputPaths = (
			);
			runOnlyForDeploymentPostprocessing = 0;
			shellPath = /bin/sh;
			shellScript = "# shell script goes here
exit 0";
			showEnvVarsInLog = 0;
		};
		0C073A55638746B397D56A73 = {
			isa = PBXShellScriptBuildPhase;
			buildActionMask = 2147483647;
			files = (
			);
			inputPaths = (
			);
			outputPaths = (
			);
			runOnlyForDeploymentPostprocessing = 0;
			shellPath = /bin/sh;
			shellScript = "# shell script goes here
exit 0";
			showEnvVarsInLog = 0;
		};
		863B3CBF0A7C4036A806225C /* CMake Rules */ = {
			isa = PBXShellScriptBuildPhase;
			buildActionMask = 2147483647;
			files = (
			);
			name = "CMake Rules";
			runOnlyForDeploymentPostprocessing = 0;
			shellPath = /bin/sh;
			shellScript = "make -C /Users/Charing/Code/Kidnapped-Vehicle -f /Users/Charing/Code/Kidnapped-Vehicle/CMakeScripts/ZERO_CHECK_cmakeRulesBuildPhase.make$CONFIGURATION OBJDIR=$(basename \"$OBJECT_FILE_DIR_normal\") all";
			showEnvVarsInLog = 0;
		};
		8DB50B78CBDD42CBA37DC284 /* CMake Rules */ = {
			isa = PBXShellScriptBuildPhase;
			buildActionMask = 2147483647;
			files = (
			);
			name = "CMake Rules";
			runOnlyForDeploymentPostprocessing = 0;
			shellPath = /bin/sh;
			shellScript = "make -C /Users/Charing/Code/Kidnapped-Vehicle -f /Users/Charing/Code/Kidnapped-Vehicle/CMakeScripts/ALL_BUILD_cmakeRulesBuildPhase.make$CONFIGURATION OBJDIR=$(basename \"$OBJECT_FILE_DIR_normal\") all";
			showEnvVarsInLog = 0;
		};
/* End PBXShellScriptBuildPhase section */

/* Begin PBXSourcesBuildPhase section */
		3429DBE82CAF4477B198ADD5 /* Sources */ = {
			isa = PBXSourcesBuildPhase;
			buildActionMask = 2147483647;
			files = (
				60178033F2C1401183496C66 /* /Users/Charing/Code/Kidnapped-Vehicle/src/main.cpp */,
				4BB3276789F9463CA2FBE7F9 /* /Users/Charing/Code/Kidnapped-Vehicle/src/particle_filter.cpp */,
			);
			runOnlyForDeploymentPostprocessing = 0;
		};
/* End PBXSourcesBuildPhase section */

/* Begin PBXTargetDependency section */
		6560CC46571D4D0FA1BDB528 /* PBXTargetDependency */ = {
			isa = PBXTargetDependency;
			target = CB4D0B5E4CAF4FC3A238CDF5 /* particle_filter */;
			targetProxy = 04F4AE599FC04F92B29F77FD /* PBXContainerItemProxy */;
		};
		7C25FD54C9064A229098C036 /* PBXTargetDependency */ = {
			isa = PBXTargetDependency;
			target = 049517C2FD634CAAB282B0F8 /* ZERO_CHECK */;
			targetProxy = 8A6BB053233140E680331DF4 /* PBXContainerItemProxy */;
		};
		A3BB53D0AF6C43A6B94D3D74 /* PBXTargetDependency */ = {
			isa = PBXTargetDependency;
			target = 049517C2FD634CAAB282B0F8 /* ZERO_CHECK */;
			targetProxy = E3320E866F33419F82115F4A /* PBXContainerItemProxy */;
		};
/* End PBXTargetDependency section */

/* Begin XCBuildConfiguration section */
		1307CC7F9E404F4AB56B2CB4 /* Release */ = {
			isa = XCBuildConfiguration;
			buildSettings = {
				COMBINE_HIDPI_IMAGES = YES;
				EXECUTABLE_PREFIX = "";
				EXECUTABLE_SUFFIX = "";
				GCC_GENERATE_DEBUGGING_SYMBOLS = NO;
				GCC_INLINES_ARE_PRIVATE_EXTERN = NO;
				GCC_OPTIMIZATION_LEVEL = 3;
				GCC_PREPROCESSOR_DEFINITIONS = ("'CMAKE_INTDIR=\"$(CONFIGURATION)$(EFFECTIVE_PLATFORM_NAME)\"'");
				GCC_SYMBOLS_PRIVATE_EXTERN = NO;
				HEADER_SEARCH_PATHS = (/usr/local/include,/usr/local/opt/openssl/include);
				INSTALL_PATH = "";
				LD_RUNPATH_SEARCH_PATHS = "/usr/local/lib /usr/local/opt/openssl/lib /usr/local/Cellar/libuv/1*/lib";
				LIBRARY_SEARCH_PATHS = " /usr/local/lib/$(CONFIGURATION)$(EFFECTIVE_PLATFORM_NAME) /usr/local/lib /usr/local/opt/openssl/lib/$(CONFIGURATION)$(EFFECTIVE_PLATFORM_NAME) /usr/local/opt/openssl/lib /usr/local/Cellar/libuv/1*/lib/$(CONFIGURATION)$(EFFECTIVE_PLATFORM_NAME) /usr/local/Cellar/libuv/1*/lib";
				OTHER_CPLUSPLUSFLAGS = "-Wall     -DNDEBUG   -std=c++11";
				OTHER_LDFLAGS = " -Wl,-search_paths_first -Wl,-headerpad_max_install_names  -lz -lssl -luv -luWS";
				OTHER_REZFLAGS = "";
				PRODUCT_NAME = particle_filter;
				SECTORDER_FLAGS = "";
				SYMROOT = "/Users/Charing/Code/Kidnapped-Vehicle";
				USE_HEADERMAP = NO;
				WARNING_CFLAGS = ("$(inherited)");
			};
			name = Release;
		};
		20FFE297137245C4A58BED65 /* Release */ = {
			isa = XCBuildConfiguration;
			buildSettings = {
				COMBINE_HIDPI_IMAGES = YES;
				GCC_GENERATE_DEBUGGING_SYMBOLS = YES;
				GCC_INLINES_ARE_PRIVATE_EXTERN = NO;
				GCC_OPTIMIZATION_LEVEL = 0;
				GCC_PREPROCESSOR_DEFINITIONS = ("'CMAKE_INTDIR=\"$(CONFIGURATION)$(EFFECTIVE_PLATFORM_NAME)\"'");
				GCC_SYMBOLS_PRIVATE_EXTERN = NO;
				INSTALL_PATH = "";
				OTHER_LDFLAGS = " ";
				OTHER_REZFLAGS = "";
				PRODUCT_NAME = ZERO_CHECK;
				SECTORDER_FLAGS = "";
				SYMROOT = "/Users/Charing/Code/Kidnapped-Vehicle";
				USE_HEADERMAP = NO;
				WARNING_CFLAGS = ("$(inherited)");
			};
			name = Release;
		};
		2849C3650CE94FC8961558B3 /* Debug */ = {
			isa = XCBuildConfiguration;
			buildSettings = {
				COMBINE_HIDPI_IMAGES = YES;
				GCC_GENERATE_DEBUGGING_SYMBOLS = YES;
				GCC_INLINES_ARE_PRIVATE_EXTERN = NO;
				GCC_OPTIMIZATION_LEVEL = 0;
				GCC_PREPROCESSOR_DEFINITIONS = ("'CMAKE_INTDIR=\"$(CONFIGURATION)$(EFFECTIVE_PLATFORM_NAME)\"'");
				GCC_SYMBOLS_PRIVATE_EXTERN = NO;
				INSTALL_PATH = "";
				OTHER_LDFLAGS = " ";
				OTHER_REZFLAGS = "";
				PRODUCT_NAME = ZERO_CHECK;
				SECTORDER_FLAGS = "";
				SYMROOT = "/Users/Charing/Code/Kidnapped-Vehicle";
				USE_HEADERMAP = NO;
				WARNING_CFLAGS = ("$(inherited)");
			};
			name = Debug;
		};
		401C8E5FA99A44A8A79EB52E /* RelWithDebInfo */ = {
			isa = XCBuildConfiguration;
			buildSettings = {
				COMBINE_HIDPI_IMAGES = YES;
				GCC_GENERATE_DEBUGGING_SYMBOLS = YES;
				GCC_INLINES_ARE_PRIVATE_EXTERN = NO;
				GCC_OPTIMIZATION_LEVEL = 0;
				GCC_PREPROCESSOR_DEFINITIONS = ("'CMAKE_INTDIR=\"$(CONFIGURATION)$(EFFECTIVE_PLATFORM_NAME)\"'");
				GCC_SYMBOLS_PRIVATE_EXTERN = NO;
				INSTALL_PATH = "";
				OTHER_LDFLAGS = " ";
				OTHER_REZFLAGS = "";
				PRODUCT_NAME = ALL_BUILD;
				SECTORDER_FLAGS = "";
				SYMROOT = "/Users/Charing/Code/Kidnapped-Vehicle";
				USE_HEADERMAP = NO;
				WARNING_CFLAGS = ("$(inherited)");
			};
			name = RelWithDebInfo;
		};
		506F03D920D54AA5AF06275F /* Debug */ = {
			isa = XCBuildConfiguration;
			buildSettings = {
				MACOSX_DEPLOYMENT_TARGET = 10.13;
				ONLY_ACTIVE_ARCH = YES;
				SDKROOT = /Applications/Xcode.app/Contents/Developer/Platforms/MacOSX.platform/Developer/SDKs/MacOSX10.14.sdk;
				SYMROOT = "/Users/Charing/Code/Kidnapped-Vehicle/build";
			};
			name = Debug;
		};
		601F0C2857A241298A906B57 /* Debug */ = {
			isa = XCBuildConfiguration;
			buildSettings = {
				COMBINE_HIDPI_IMAGES = YES;
				EXECUTABLE_PREFIX = "";
				EXECUTABLE_SUFFIX = "";
				GCC_GENERATE_DEBUGGING_SYMBOLS = YES;
				GCC_INLINES_ARE_PRIVATE_EXTERN = NO;
				GCC_OPTIMIZATION_LEVEL = 0;
				GCC_PREPROCESSOR_DEFINITIONS = ("'CMAKE_INTDIR=\"$(CONFIGURATION)$(EFFECTIVE_PLATFORM_NAME)\"'");
				GCC_SYMBOLS_PRIVATE_EXTERN = NO;
				HEADER_SEARCH_PATHS = (/usr/local/include,/usr/local/opt/openssl/include);
				INSTALL_PATH = "";
				LD_RUNPATH_SEARCH_PATHS = "/usr/local/lib /usr/local/opt/openssl/lib /usr/local/Cellar/libuv/1*/lib";
				LIBRARY_SEARCH_PATHS = " /usr/local/lib/$(CONFIGURATION)$(EFFECTIVE_PLATFORM_NAME) /usr/local/lib /usr/local/opt/openssl/lib/$(CONFIGURATION)$(EFFECTIVE_PLATFORM_NAME) /usr/local/opt/openssl/lib /usr/local/Cellar/libuv/1*/lib/$(CONFIGURATION)$(EFFECTIVE_PLATFORM_NAME) /usr/local/Cellar/libuv/1*/lib";
				OTHER_CPLUSPLUSFLAGS = "-Wall      -std=c++11";
				OTHER_LDFLAGS = " -Wl,-search_paths_first -Wl,-headerpad_max_install_names  -lz -lssl -luv -luWS";
				OTHER_REZFLAGS = "";
				PRODUCT_NAME = particle_filter;
				SECTORDER_FLAGS = "";
				SYMROOT = "/Users/Charing/Code/Kidnapped-Vehicle";
				USE_HEADERMAP = NO;
				WARNING_CFLAGS = ("$(inherited)");
			};
			name = Debug;
		};
		8F1B5B3101FC4BF5980E1A3A /* RelWithDebInfo */ = {
			isa = XCBuildConfiguration;
			buildSettings = {
				COMBINE_HIDPI_IMAGES = YES;
				GCC_GENERATE_DEBUGGING_SYMBOLS = YES;
				GCC_INLINES_ARE_PRIVATE_EXTERN = NO;
				GCC_OPTIMIZATION_LEVEL = 0;
				GCC_PREPROCESSOR_DEFINITIONS = ("'CMAKE_INTDIR=\"$(CONFIGURATION)$(EFFECTIVE_PLATFORM_NAME)\"'");
				GCC_SYMBOLS_PRIVATE_EXTERN = NO;
				INSTALL_PATH = "";
				OTHER_LDFLAGS = " ";
				OTHER_REZFLAGS = "";
				PRODUCT_NAME = ZERO_CHECK;
				SECTORDER_FLAGS = "";
				SYMROOT = "/Users/Charing/Code/Kidnapped-Vehicle";
				USE_HEADERMAP = NO;
				WARNING_CFLAGS = ("$(inherited)");
			};
			name = RelWithDebInfo;
		};
		918C22C4DB5C475B9C5A5165 /* RelWithDebInfo */ = {
			isa = XCBuildConfiguration;
			buildSettings = {
				COMBINE_HIDPI_IMAGES = YES;
				EXECUTABLE_PREFIX = "";
				EXECUTABLE_SUFFIX = "";
				GCC_GENERATE_DEBUGGING_SYMBOLS = YES;
				GCC_INLINES_ARE_PRIVATE_EXTERN = NO;
				GCC_OPTIMIZATION_LEVEL = 2;
				GCC_PREPROCESSOR_DEFINITIONS = ("'CMAKE_INTDIR=\"$(CONFIGURATION)$(EFFECTIVE_PLATFORM_NAME)\"'");
				GCC_SYMBOLS_PRIVATE_EXTERN = NO;
				HEADER_SEARCH_PATHS = (/usr/local/include,/usr/local/opt/openssl/include);
				INSTALL_PATH = "";
				LD_RUNPATH_SEARCH_PATHS = "/usr/local/lib /usr/local/opt/openssl/lib /usr/local/Cellar/libuv/1*/lib";
				LIBRARY_SEARCH_PATHS = " /usr/local/lib/$(CONFIGURATION)$(EFFECTIVE_PLATFORM_NAME) /usr/local/lib /usr/local/opt/openssl/lib/$(CONFIGURATION)$(EFFECTIVE_PLATFORM_NAME) /usr/local/opt/openssl/lib /usr/local/Cellar/libuv/1*/lib/$(CONFIGURATION)$(EFFECTIVE_PLATFORM_NAME) /usr/local/Cellar/libuv/1*/lib";
				OTHER_CPLUSPLUSFLAGS = "-Wall        -DNDEBUG   -std=c++11";
				OTHER_LDFLAGS = " -Wl,-search_paths_first -Wl,-headerpad_max_install_names  -lz -lssl -luv -luWS";
				OTHER_REZFLAGS = "";
				PRODUCT_NAME = particle_filter;
				SECTORDER_FLAGS = "";
				SYMROOT = "/Users/Charing/Code/Kidnapped-Vehicle";
				USE_HEADERMAP = NO;
				WARNING_CFLAGS = ("$(inherited)");
			};
			name = RelWithDebInfo;
		};
		94DC04C37DBD4F04B0BEAEE1 /* MinSizeRel */ = {
			isa = XCBuildConfiguration;
			buildSettings = {
				MACOSX_DEPLOYMENT_TARGET = 10.13;
				ONLY_ACTIVE_ARCH = YES;
				SDKROOT = /Applications/Xcode.app/Contents/Developer/Platforms/MacOSX.platform/Developer/SDKs/MacOSX10.14.sdk;
				SYMROOT = "/Users/Charing/Code/Kidnapped-Vehicle/build";
			};
			name = MinSizeRel;
		};
		9CD8BD98F726406682B5345B /* Debug */ = {
			isa = XCBuildConfiguration;
			buildSettings = {
				COMBINE_HIDPI_IMAGES = YES;
				GCC_GENERATE_DEBUGGING_SYMBOLS = YES;
				GCC_INLINES_ARE_PRIVATE_EXTERN = NO;
				GCC_OPTIMIZATION_LEVEL = 0;
				GCC_PREPROCESSOR_DEFINITIONS = ("'CMAKE_INTDIR=\"$(CONFIGURATION)$(EFFECTIVE_PLATFORM_NAME)\"'");
				GCC_SYMBOLS_PRIVATE_EXTERN = NO;
				INSTALL_PATH = "";
				OTHER_LDFLAGS = " ";
				OTHER_REZFLAGS = "";
				PRODUCT_NAME = ALL_BUILD;
				SECTORDER_FLAGS = "";
				SYMROOT = "/Users/Charing/Code/Kidnapped-Vehicle";
				USE_HEADERMAP = NO;
				WARNING_CFLAGS = ("$(inherited)");
			};
			name = Debug;
		};
		A085BBCF3379401B93757725 /* Release */ = {
			isa = XCBuildConfiguration;
			buildSettings = {
				COMBINE_HIDPI_IMAGES = YES;
				GCC_GENERATE_DEBUGGING_SYMBOLS = YES;
				GCC_INLINES_ARE_PRIVATE_EXTERN = NO;
				GCC_OPTIMIZATION_LEVEL = 0;
				GCC_PREPROCESSOR_DEFINITIONS = ("'CMAKE_INTDIR=\"$(CONFIGURATION)$(EFFECTIVE_PLATFORM_NAME)\"'");
				GCC_SYMBOLS_PRIVATE_EXTERN = NO;
				INSTALL_PATH = "";
				OTHER_LDFLAGS = " ";
				OTHER_REZFLAGS = "";
				PRODUCT_NAME = ALL_BUILD;
				SECTORDER_FLAGS = "";
				SYMROOT = "/Users/Charing/Code/Kidnapped-Vehicle";
				USE_HEADERMAP = NO;
				WARNING_CFLAGS = ("$(inherited)");
			};
			name = Release;
		};
		AD0835FE585A4B0C9D7E9D42 /* MinSizeRel */ = {
			isa = XCBuildConfiguration;
			buildSettings = {
				COMBINE_HIDPI_IMAGES = YES;
				EXECUTABLE_PREFIX = "";
				EXECUTABLE_SUFFIX = "";
				GCC_GENERATE_DEBUGGING_SYMBOLS = NO;
				GCC_INLINES_ARE_PRIVATE_EXTERN = NO;
				GCC_OPTIMIZATION_LEVEL = s;
				GCC_PREPROCESSOR_DEFINITIONS = ("'CMAKE_INTDIR=\"$(CONFIGURATION)$(EFFECTIVE_PLATFORM_NAME)\"'");
				GCC_SYMBOLS_PRIVATE_EXTERN = NO;
				HEADER_SEARCH_PATHS = (/usr/local/include,/usr/local/opt/openssl/include);
				INSTALL_PATH = "";
				LD_RUNPATH_SEARCH_PATHS = "/usr/local/lib /usr/local/opt/openssl/lib /usr/local/Cellar/libuv/1*/lib";
				LIBRARY_SEARCH_PATHS = " /usr/local/lib/$(CONFIGURATION)$(EFFECTIVE_PLATFORM_NAME) /usr/local/lib /usr/local/opt/openssl/lib/$(CONFIGURATION)$(EFFECTIVE_PLATFORM_NAME) /usr/local/opt/openssl/lib /usr/local/Cellar/libuv/1*/lib/$(CONFIGURATION)$(EFFECTIVE_PLATFORM_NAME) /usr/local/Cellar/libuv/1*/lib";
				OTHER_CPLUSPLUSFLAGS = "-Wall     -DNDEBUG   -std=c++11";
				OTHER_LDFLAGS = " -Wl,-search_paths_first -Wl,-headerpad_max_install_names  -lz -lssl -luv -luWS";
				OTHER_REZFLAGS = "";
				PRODUCT_NAME = particle_filter;
				SECTORDER_FLAGS = "";
				SYMROOT = "/Users/Charing/Code/Kidnapped-Vehicle";
				USE_HEADERMAP = NO;
				WARNING_CFLAGS = ("$(inherited)");
			};
			name = MinSizeRel;
		};
		CD2B4774F82347EABA1329A9 /* RelWithDebInfo */ = {
			isa = XCBuildConfiguration;
			buildSettings = {
				MACOSX_DEPLOYMENT_TARGET = 10.13;
				ONLY_ACTIVE_ARCH = YES;
				SDKROOT = /Applications/Xcode.app/Contents/Developer/Platforms/MacOSX.platform/Developer/SDKs/MacOSX10.14.sdk;
				SYMROOT = "/Users/Charing/Code/Kidnapped-Vehicle/build";
			};
			name = RelWithDebInfo;
		};
		D281C8EC7418470CA0CA3EE0 /* MinSizeRel */ = {
			isa = XCBuildConfiguration;
			buildSettings = {
				COMBINE_HIDPI_IMAGES = YES;
				GCC_GENERATE_DEBUGGING_SYMBOLS = YES;
				GCC_INLINES_ARE_PRIVATE_EXTERN = NO;
				GCC_OPTIMIZATION_LEVEL = 0;
				GCC_PREPROCESSOR_DEFINITIONS = ("'CMAKE_INTDIR=\"$(CONFIGURATION)$(EFFECTIVE_PLATFORM_NAME)\"'");
				GCC_SYMBOLS_PRIVATE_EXTERN = NO;
				INSTALL_PATH = "";
				OTHER_LDFLAGS = " ";
				OTHER_REZFLAGS = "";
				PRODUCT_NAME = ZERO_CHECK;
				SECTORDER_FLAGS = "";
				SYMROOT = "/Users/Charing/Code/Kidnapped-Vehicle";
				USE_HEADERMAP = NO;
				WARNING_CFLAGS = ("$(inherited)");
			};
			name = MinSizeRel;
		};
		E82E7C82CD794899A316371F /* MinSizeRel */ = {
			isa = XCBuildConfiguration;
			buildSettings = {
				COMBINE_HIDPI_IMAGES = YES;
				GCC_GENERATE_DEBUGGING_SYMBOLS = YES;
				GCC_INLINES_ARE_PRIVATE_EXTERN = NO;
				GCC_OPTIMIZATION_LEVEL = 0;
				GCC_PREPROCESSOR_DEFINITIONS = ("'CMAKE_INTDIR=\"$(CONFIGURATION)$(EFFECTIVE_PLATFORM_NAME)\"'");
				GCC_SYMBOLS_PRIVATE_EXTERN = NO;
				INSTALL_PATH = "";
				OTHER_LDFLAGS = " ";
				OTHER_REZFLAGS = "";
				PRODUCT_NAME = ALL_BUILD;
				SECTORDER_FLAGS = "";
				SYMROOT = "/Users/Charing/Code/Kidnapped-Vehicle";
				USE_HEADERMAP = NO;
				WARNING_CFLAGS = ("$(inherited)");
			};
			name = MinSizeRel;
		};
		FB5E0FF6F045484DABBF3B5C /* Release */ = {
			isa = XCBuildConfiguration;
			buildSettings = {
				MACOSX_DEPLOYMENT_TARGET = 10.13;
				ONLY_ACTIVE_ARCH = YES;
				SDKROOT = /Applications/Xcode.app/Contents/Developer/Platforms/MacOSX.platform/Developer/SDKs/MacOSX10.14.sdk;
				SYMROOT = "/Users/Charing/Code/Kidnapped-Vehicle/build";
			};
			name = Release;
		};
/* End XCBuildConfiguration section */

/* Begin XCConfigurationList section */
		4FAFC261CC0443C08EADE4F7 /* Build configuration list for PBXNativeTarget "particle_filter" */ = {
			isa = XCConfigurationList;
			buildConfigurations = (
				601F0C2857A241298A906B57 /* Debug */,
				1307CC7F9E404F4AB56B2CB4 /* Release */,
				AD0835FE585A4B0C9D7E9D42 /* MinSizeRel */,
				918C22C4DB5C475B9C5A5165 /* RelWithDebInfo */,
			);
			defaultConfigurationIsVisible = 0;
			defaultConfigurationName = Debug;
		};
		783DA495051B469F86E64750 /* Build configuration list for PBXAggregateTarget "ALL_BUILD" */ = {
			isa = XCConfigurationList;
			buildConfigurations = (
				9CD8BD98F726406682B5345B /* Debug */,
				A085BBCF3379401B93757725 /* Release */,
				E82E7C82CD794899A316371F /* MinSizeRel */,
				401C8E5FA99A44A8A79EB52E /* RelWithDebInfo */,
			);
			defaultConfigurationIsVisible = 0;
			defaultConfigurationName = Debug;
		};
		7B79BADA511649DCB031AE43 /* Build configuration list for PBXProject "PARTICLE_FILTER" */ = {
			isa = XCConfigurationList;
			buildConfigurations = (
				506F03D920D54AA5AF06275F /* Debug */,
				FB5E0FF6F045484DABBF3B5C /* Release */,
				94DC04C37DBD4F04B0BEAEE1 /* MinSizeRel */,
				CD2B4774F82347EABA1329A9 /* RelWithDebInfo */,
			);
			defaultConfigurationIsVisible = 0;
			defaultConfigurationName = Debug;
		};
		A8E465D4DA524E049D995776 /* Build configuration list for PBXAggregateTarget "ZERO_CHECK" */ = {
			isa = XCConfigurationList;
			buildConfigurations = (
				2849C3650CE94FC8961558B3 /* Debug */,
				20FFE297137245C4A58BED65 /* Release */,
				D281C8EC7418470CA0CA3EE0 /* MinSizeRel */,
				8F1B5B3101FC4BF5980E1A3A /* RelWithDebInfo */,
			);
			defaultConfigurationIsVisible = 0;
			defaultConfigurationName = Debug;
		};
/* End XCConfigurationList section */
	};
	rootObject = 871AA2E6C6D54926B9344D16 /* Project object */;
}
